// !$*UTF8*$!
{
	archiveVersion = 1;
	classes = {
	};
	objectVersion = 48;
	objects = {

/* Begin PBXBuildFile section */
		EEE985BC21A281220055A971 /* AppDelegate.m in Sources */ = {isa = PBXBuildFile; fileRef = EEE985BB21A281220055A971 /* AppDelegate.m */; };
		EEE985BF21A281220055A971 /* ViewController.m in Sources */ = {isa = PBXBuildFile; fileRef = EEE985BE21A281220055A971 /* ViewController.m */; };
		EEE985C221A281220055A971 /* Main.storyboard in Resources */ = {isa = PBXBuildFile; fileRef = EEE985C021A281220055A971 /* Main.storyboard */; };
		EEE985C421A281220055A971 /* Assets.xcassets in Resources */ = {isa = PBXBuildFile; fileRef = EEE985C321A281220055A971 /* Assets.xcassets */; };
		EEE985C721A281220055A971 /* LaunchScreen.storyboard in Resources */ = {isa = PBXBuildFile; fileRef = EEE985C521A281220055A971 /* LaunchScreen.storyboard */; };
		EEE985CA21A281220055A971 /* main.m in Sources */ = {isa = PBXBuildFile; fileRef = EEE985C921A281220055A971 /* main.m */; };
		EEE985D221A281490055A971 /* MixiSampleViewController.m in Sources */ = {isa = PBXBuildFile; fileRef = EEE985D121A281490055A971 /* MixiSampleViewController.m */; };
/* End PBXBuildFile section */

/* Begin PBXFileReference section */
		EEE985B721A281220055A971 /* MixiSample1-3_story.app */ = {isa = PBXFileReference; explicitFileType = wrapper.application; includeInIndex = 0; path = "MixiSample1-3_story.app"; sourceTree = BUILT_PRODUCTS_DIR; };
		EEE985BA21A281220055A971 /* AppDelegate.h */ = {isa = PBXFileReference; lastKnownFileType = sourcecode.c.h; path = AppDelegate.h; sourceTree = "<group>"; };
		EEE985BB21A281220055A971 /* AppDelegate.m */ = {isa = PBXFileReference; lastKnownFileType = sourcecode.c.objc; path = AppDelegate.m; sourceTree = "<group>"; };
		EEE985BD21A281220055A971 /* ViewController.h */ = {isa = PBXFileReference; lastKnownFileType = sourcecode.c.h; path = ViewController.h; sourceTree = "<group>"; };
		EEE985BE21A281220055A971 /* ViewController.m */ = {isa = PBXFileReference; lastKnownFileType = sourcecode.c.objc; path = ViewController.m; sourceTree = "<group>"; };
		EEE985C121A281220055A971 /* Base */ = {isa = PBXFileReference; lastKnownFileType = file.storyboard; name = Base; path = Base.lproj/Main.storyboard; sourceTree = "<group>"; };
		EEE985C321A281220055A971 /* Assets.xcassets */ = {isa = PBXFileReference; lastKnownFileType = folder.assetcatalog; path = Assets.xcassets; sourceTree = "<group>"; };
		EEE985C621A281220055A971 /* Base */ = {isa = PBXFileReference; lastKnownFileType = file.storyboard; name = Base; path = Base.lproj/LaunchScreen.storyboard; sourceTree = "<group>"; };
		EEE985C821A281220055A971 /* Info.plist */ = {isa = PBXFileReference; lastKnownFileType = text.plist.xml; path = Info.plist; sourceTree = "<group>"; };
		EEE985C921A281220055A971 /* main.m */ = {isa = PBXFileReference; lastKnownFileType = sourcecode.c.objc; path = main.m; sourceTree = "<group>"; };
		EEE985D021A281490055A971 /* MixiSampleViewController.h */ = {isa = PBXFileReference; lastKnownFileType = sourcecode.c.h; path = MixiSampleViewController.h; sourceTree = "<group>"; };
		EEE985D121A281490055A971 /* MixiSampleViewController.m */ = {isa = PBXFileReference; lastKnownFileType = sourcecode.c.objc; path = MixiSampleViewController.m; sourceTree = "<group>"; };
/* End PBXFileReference section */

/* Begin PBXFrameworksBuildPhase section */
		EEE985B421A281220055A971 /* Frameworks */ = {
			isa = PBXFrameworksBuildPhase;
			buildActionMask = 2147483647;
			files = (
			);
			runOnlyForDeploymentPostprocessing = 0;
		};
/* End PBXFrameworksBuildPhase section */

/* Begin PBXGroup section */
		EEE985AE21A281220055A971 = {
			isa = PBXGroup;
			children = (
				EEE985B921A281220055A971 /* MixiSample1-3_story */,
				EEE985B821A281220055A971 /* Products */,
			);
			sourceTree = "<group>";
		};
		EEE985B821A281220055A971 /* Products */ = {
			isa = PBXGroup;
			children = (
				EEE985B721A281220055A971 /* MixiSample1-3_story.app */,
			);
			name = Products;
			sourceTree = "<group>";
		};
		EEE985B921A281220055A971 /* MixiSample1-3_story */ = {
			isa = PBXGroup;
			children = (
				EEE985BA21A281220055A971 /* AppDelegate.h */,
				EEE985BB21A281220055A971 /* AppDelegate.m */,
				EEE985BD21A281220055A971 /* ViewController.h */,
				EEE985BE21A281220055A971 /* ViewController.m */,
				EEE985C021A281220055A971 /* Main.storyboard */,
				EEE985D021A281490055A971 /* MixiSampleViewController.h */,
				EEE985D121A281490055A971 /* MixiSampleViewController.m */,
				EEE985C321A281220055A971 /* Assets.xcassets */,
				EEE985C521A281220055A971 /* LaunchScreen.storyboard */,
				EEE985C821A281220055A971 /* Info.plist */,
				EEE985C921A281220055A971 /* main.m */,
			);
			path = "MixiSample1-3_story";
			sourceTree = "<group>";
		};
/* End PBXGroup section */

/* Begin PBXNativeTarget section */
		EEE985B621A281220055A971 /* MixiSample1-3_story */ = {
			isa = PBXNativeTarget;
			buildConfigurationList = EEE985CD21A281220055A971 /* Build configuration list for PBXNativeTarget "MixiSample1-3_story" */;
			buildPhases = (
				EEE985B321A281220055A971 /* Sources */,
				EEE985B421A281220055A971 /* Frameworks */,
				EEE985B521A281220055A971 /* Resources */,
			);
			buildRules = (
			);
			dependencies = (
			);
			name = "MixiSample1-3_story";
			productName = "MixiSample1-3_story";
			productReference = EEE985B721A281220055A971 /* MixiSample1-3_story.app */;
			productType = "com.apple.product-type.application";
		};
/* End PBXNativeTarget section */

/* Begin PBXProject section */
		EEE985AF21A281220055A971 /* Project object */ = {
			isa = PBXProject;
			attributes = {
				LastUpgradeCheck = 0920;
				ORGANIZATIONNAME = "濱岡　俊介";
				TargetAttributes = {
					EEE985B621A281220055A971 = {
						CreatedOnToolsVersion = 9.2;
						ProvisioningStyle = Automatic;
					};
				};
			};
			buildConfigurationList = EEE985B221A281220055A971 /* Build configuration list for PBXProject "MixiSample1-3_story" */;
			compatibilityVersion = "Xcode 8.0";
			developmentRegion = en;
			hasScannedForEncodings = 0;
			knownRegions = (
				en,
				Base,
			);
			mainGroup = EEE985AE21A281220055A971;
			productRefGroup = EEE985B821A281220055A971 /* Products */;
			projectDirPath = "";
			projectRoot = "";
			targets = (
				EEE985B621A281220055A971 /* MixiSample1-3_story */,
			);
		};
/* End PBXProject section */

/* Begin PBXResourcesBuildPhase section */
		EEE985B521A281220055A971 /* Resources */ = {
			isa = PBXResourcesBuildPhase;
			buildActionMask = 2147483647;
			files = (
				EEE985C721A281220055A971 /* LaunchScreen.storyboard in Resources */,
				EEE985C421A281220055A971 /* Assets.xcassets in Resources */,
				EEE985C221A281220055A971 /* Main.storyboard in Resources */,
			);
			runOnlyForDeploymentPostprocessing = 0;
		};
/* End PBXResourcesBuildPhase section */

/* Begin PBXSourcesBuildPhase section */
		EEE985B321A281220055A971 /* Sources */ = {
			isa = PBXSourcesBuildPhase;
			buildActionMask = 2147483647;
			files = (
				EEE985BF21A281220055A971 /* ViewController.m in Sources */,
				EEE985D221A281490055A971 /* MixiSampleViewController.m in Sources */,
				EEE985CA21A281220055A971 /* main.m in Sources */,
				EEE985BC21A281220055A971 /* AppDelegate.m in Sources */,
			);
			runOnlyForDeploymentPostprocessing = 0;
		};
/* End PBXSourcesBuildPhase section */

/* Begin PBXVariantGroup section */
		EEE985C021A281220055A971 /* Main.storyboard */ = {
			isa = PBXVariantGroup;
			children = (
				EEE985C121A281220055A971 /* Base */,
			);
			name = Main.storyboard;
			sourceTree = "<group>";
		};
		EEE985C521A281220055A971 /* LaunchScreen.storyboard */ = {
			isa = PBXVariantGroup;
			children = (
				EEE985C621A281220055A971 /* Base */,
			);
			name = LaunchScreen.storyboard;
			sourceTree = "<group>";
		};
/* End PBXVariantGroup section */

/* Begin XCBuildConfiguration section */
		EEE985CB21A281220055A971 /* Debug */ = {
			isa = XCBuildConfiguration;
			buildSettings = {
				ALWAYS_SEARCH_USER_PATHS = NO;
				CLANG_ANALYZER_NONNULL = YES;
				CLANG_ANALYZER_NUMBER_OBJECT_CONVERSION = YES_AGGRESSIVE;
				CLANG_CXX_LANGUAGE_STANDARD = "gnu++14";
				CLANG_CXX_LIBRARY = "libc++";
				CLANG_ENABLE_MODULES = YES;
				CLANG_ENABLE_OBJC_ARC = YES;
				CLANG_WARN_BLOCK_CAPTURE_AUTORELEASING = YES;
				CLANG_WARN_BOOL_CONVERSION = YES;
				CLANG_WARN_COMMA = YES;
				CLANG_WARN_CONSTANT_CONVERSION = YES;
				CLANG_WARN_DIRECT_OBJC_ISA_USAGE = YES_ERROR;
				CLANG_WARN_DOCUMENTATION_COMMENTS = YES;
				CLANG_WARN_EMPTY_BODY = YES;
				CLANG_WARN_ENUM_CONVERSION = YES;
				CLANG_WARN_INFINITE_RECURSION = YES;
				CLANG_WARN_INT_CONVERSION = YES;
				CLANG_WARN_NON_LITERAL_NULL_CONVERSION = YES;
				CLANG_WARN_OBJC_LITERAL_CONVERSION = YES;
				CLANG_WARN_OBJC_ROOT_CLASS = YES_ERROR;
				CLANG_WARN_RANGE_LOOP_ANALYSIS = YES;
				CLANG_WARN_STRICT_PROTOTYPES = YES;
				CLANG_WARN_SUSPICIOUS_MOVE = YES;
				CLANG_WARN_UNGUARDED_AVAILABILITY = YES_AGGRESSIVE;
				CLANG_WARN_UNREACHABLE_CODE = YES;
				CLANG_WARN__DUPLICATE_METHOD_MATCH = YES;
				CODE_SIGN_IDENTITY = "iPhone Developer";
				COPY_PHASE_STRIP = NO;
				DEBUG_INFORMATION_FORMAT = dwarf;
				ENABLE_STRICT_OBJC_MSGSEND = YES;
				ENABLE_TESTABILITY = YES;
				GCC_C_LANGUAGE_STANDARD = gnu11;
				GCC_DYNAMIC_NO_PIC = NO;
				GCC_NO_COMMON_BLOCKS = YES;
				GCC_OPTIMIZATION_LEVEL = 0;
				GCC_PREPROCESSOR_DEFINITIONS = (
					"DEBUG=1",
					"$(inherited)",
				);
				GCC_WARN_64_TO_32_BIT_CONVERSION = YES;
				GCC_WARN_ABOUT_RETURN_TYPE = YES_ERROR;
				GCC_WARN_UNDECLARED_SELECTOR = YES;
				GCC_WARN_UNINITIALIZED_AUTOS = YES_AGGRESSIVE;
				GCC_WARN_UNUSED_FUNCTION = YES;
				GCC_WARN_UNUSED_VARIABLE = YES;
				IPHONEOS_DEPLOYMENT_TARGET = 11.2;
				MTL_ENABLE_DEBUG_INFO = YES;
				ONLY_ACTIVE_ARCH = YES;
				SDKROOT = iphoneos;
			};
			name = Debug;
		};
		EEE985CC21A281220055A971 /* Release */ = {
			isa = XCBuildConfiguration;
			buildSettings = {
				ALWAYS_SEARCH_USER_PATHS = NO;
				CLANG_ANALYZER_NONNULL = YES;
				CLANG_ANALYZER_NUMBER_OBJECT_CONVERSION = YES_AGGRESSIVE;
				CLANG_CXX_LANGUAGE_STANDARD = "gnu++14";
				CLANG_CXX_LIBRARY = "libc++";
				CLANG_ENABLE_MODULES = YES;
				CLANG_ENABLE_OBJC_ARC = YES;
				CLANG_WARN_BLOCK_CAPTURE_AUTORELEASING = YES;
				CLANG_WARN_BOOL_CONVERSION = YES;
				CLANG_WARN_COMMA = YES;
				CLANG_WARN_CONSTANT_CONVERSION = YES;
				CLANG_WARN_DIRECT_OBJC_ISA_USAGE = YES_ERROR;
				CLANG_WARN_DOCUMENTATION_COMMENTS = YES;
				CLANG_WARN_EMPTY_BODY = YES;
				CLANG_WARN_ENUM_CONVERSION = YES;
				CLANG_WARN_INFINITE_RECURSION = YES;
				CLANG_WARN_INT_CONVERSION = YES;
				CLANG_WARN_NON_LITERAL_NULL_CONVERSION = YES;
				CLANG_WARN_OBJC_LITERAL_CONVERSION = YES;
				CLANG_WARN_OBJC_ROOT_CLASS = YES_ERROR;
				CLANG_WARN_RANGE_LOOP_ANALYSIS = YES;
				CLANG_WARN_STRICT_PROTOTYPES = YES;
				CLANG_WARN_SUSPICIOUS_MOVE = YES;
				CLANG_WARN_UNGUARDED_AVAILABILITY = YES_AGGRESSIVE;
				CLANG_WARN_UNREACHABLE_CODE = YES;
				CLANG_WARN__DUPLICATE_METHOD_MATCH = YES;
				CODE_SIGN_IDENTITY = "iPhone Developer";
				COPY_PHASE_STRIP = NO;
				DEBUG_INFORMATION_FORMAT = "dwarf-with-dsym";
				ENABLE_NS_ASSERTIONS = NO;
				ENABLE_STRICT_OBJC_MSGSEND = YES;
				GCC_C_LANGUAGE_STANDARD = gnu11;
				GCC_NO_COMMON_BLOCKS = YES;
				GCC_WARN_64_TO_32_BIT_CONVERSION = YES;
				GCC_WARN_ABOUT_RETURN_TYPE = YES_ERROR;
				GCC_WARN_UNDECLARED_SELECTOR = YES;
				GCC_WARN_UNINITIALIZED_AUTOS = YES_AGGRESSIVE;
				GCC_WARN_UNUSED_FUNCTION = YES;
				GCC_WARN_UNUSED_VARIABLE = YES;
				IPHONEOS_DEPLOYMENT_TARGET = 11.2;
				MTL_ENABLE_DEBUG_INFO = NO;
				SDKROOT = iphoneos;
				VALIDATE_PRODUCT = YES;
			};
			name = Release;
		};
		EEE985CE21A281220055A971 /* Debug */ = {
			isa = XCBuildConfiguration;
			buildSettings = {
				ASSETCATALOG_COMPILER_APPICON_NAME = AppIcon;
				CODE_SIGN_STYLE = Automatic;
				INFOPLIST_FILE = "MixiSample1-3_story/Info.plist";
				LD_RUNPATH_SEARCH_PATHS = "$(inherited) @executable_path/Frameworks";
				PRODUCT_BUNDLE_IDENTIFIER = "hamaoka.MixiSample1-3-story";
				PRODUCT_NAME = "$(TARGET_NAME)";
				TARGETED_DEVICE_FAMILY = "1,2";
			};
			name = Debug;
		};
		EEE985CF21A281220055A971 /* Release */ = {
			isa = XCBuildConfiguration;
			buildSettings = {
				ASSETCATALOG_COMPILER_APPICON_NAME = AppIcon;
				CODE_SIGN_STYLE = Automatic;
				INFOPLIST_FILE = "MixiSample1-3_story/Info.plist";
				LD_RUNPATH_SEARCH_PATHS = "$(inherited) @executable_path/Frameworks";
				PRODUCT_BUNDLE_IDENTIFIER = "hamaoka.MixiSample1-3-story";
				PRODUCT_NAME = "$(TARGET_NAME)";
				TARGETED_DEVICE_FAMILY = "1,2";
			};
			name = Release;
		};
/* End XCBuildConfiguration section */

/* Begin XCConfigurationList section */
		EEE985B221A281220055A971 /* Build configuration list for PBXProject "MixiSample1-3_story" */ = {
			isa = XCConfigurationList;
			buildConfigurations = (
				EEE985CB21A281220055A971 /* Debug */,
				EEE985CC21A281220055A971 /* Release */,
			);
			defaultConfigurationIsVisible = 0;
			defaultConfigurationName = Release;
		};
		EEE985CD21A281220055A971 /* Build configuration list for PBXNativeTarget "MixiSample1-3_story" */ = {
			isa = XCConfigurationList;
			buildConfigurations = (
				EEE985CE21A281220055A971 /* Debug */,
				EEE985CF21A281220055A971 /* Release */,
			);
			defaultConfigurationIsVisible = 0;
			defaultConfigurationName = Release;
		};
/* End XCConfigurationList section */
	};
	rootObject = EEE985AF21A281220055A971 /* Project object */;
}
